{
  "meteor": {},
  "dependencies": {
    "basePackages": {
      "momentjs": {}
    },
    "packages": {
      "momentjs": {
        "git": "https://github.com/crapthings/meteor-momentjs.git",
        "tag": "v2.1.0",
        "commit": "f421f51c2cb40093374a83adb932937da2f991d3"
      }
    }
  }
}
